{
  "version": 4,
  "terraform_version": "1.12.2",
  "serial": 30,
  "lineage": "567a0dbc-7f5a-1128-16b6-d30ed52609df",
  "outputs": {
    "webapp_url": {
      "value": "https://urbanthreads-webapp.azurewebsites.net",
      "type": "string"
    }
  },
  "resources": [
    {
      "mode": "managed",
      "type": "azurerm_resource_group",
      "name": "rg",
      "provider": "provider[\"registry.terraform.io/hashicorp/azurerm\"]",
      "instances": [
        {
          "schema_version": 0,
          "attributes": {
            "id": "/subscriptions/2dcb0020-9c9c-46c2-a1b1-dad4f7723644/resourceGroups/urbanthreads-rg",
            "location": "eastus",
            "managed_by": "",
            "name": "urbanthreads-rg",
            "tags": null,
            "timeouts": null
          },
          "sensitive_attributes": [],
          "identity_schema_version": 0,
          "private": "eyJlMmJmYjczMC1lY2FhLTExZTYtOGY4OC0zNDM2M2JjN2M0YzAiOnsiY3JlYXRlIjo1NDAwMDAwMDAwMDAwLCJkZWxldGUiOjU0MDAwMDAwMDAwMDAsInJlYWQiOjMwMDAwMDAwMDAwMCwidXBkYXRlIjo1NDAwMDAwMDAwMDAwfX0="
        }
      ]
    },
    {
      "mode": "managed",
      "type": "azurerm_service_plan",
      "name": "app_plan",
      "provider": "provider[\"registry.terraform.io/hashicorp/azurerm\"]",
      "instances": [
        {
          "schema_version": 1,
          "attributes": {
            "app_service_environment_id": "",
            "id": "/subscriptions/2dcb0020-9c9c-46c2-a1b1-dad4f7723644/resourceGroups/urbanthreads-rg/providers/Microsoft.Web/serverFarms/urbanthreads-plan",
            "kind": "app",
            "location": "eastus",
            "maximum_elastic_worker_count": 1,
            "name": "urbanthreads-plan",
            "os_type": "Windows",
            "per_site_scaling_enabled": false,
            "reserved": false,
            "resource_group_name": "urbanthreads-rg",
            "sku_name": "B1",
            "tags": null,
            "timeouts": null,
            "worker_count": 1,
            "zone_balancing_enabled": false
          },
          "sensitive_attributes": [],
          "identity_schema_version": 0,
          "private": "eyJlMmJmYjczMC1lY2FhLTExZTYtOGY4OC0zNDM2M2JjN2M0YzAiOnsiY3JlYXRlIjozNjAwMDAwMDAwMDAwLCJkZWxldGUiOjM2MDAwMDAwMDAwMDAsInJlYWQiOjMwMDAwMDAwMDAwMCwidXBkYXRlIjozNjAwMDAwMDAwMDAwfSwic2NoZW1hX3ZlcnNpb24iOiIxIn0=",
          "dependencies": [
            "azurerm_resource_group.rg"
          ]
        }
      ]
    },
    {
      "mode": "managed",
      "type": "azurerm_windows_web_app",
      "name": "webapp",
      "provider": "provider[\"registry.terraform.io/hashicorp/azurerm\"]",
      "instances": [
        {
          "schema_version": 1,
          "attributes": {
            "app_settings": {
              "WEBSITE_RUN_FROM_PACKAGE": "1"
            },
            "auth_settings": [],
            "auth_settings_v2": [],
            "backup": [],
            "client_affinity_enabled": false,
            "client_certificate_enabled": false,
            "client_certificate_exclusion_paths": "",
            "client_certificate_mode": "Required",
            "connection_string": [],
            "custom_domain_verification_id": "55935A4F1310CF4E872C0EB78386FB7C6BE5A0A9682DD870319D03133653C389",
            "default_hostname": "urbanthreads-webapp.azurewebsites.net",
            "enabled": true,
            "ftp_publish_basic_authentication_enabled": true,
            "hosting_environment_id": "",
            "https_only": false,
            "id": "/subscriptions/2dcb0020-9c9c-46c2-a1b1-dad4f7723644/resourceGroups/urbanthreads-rg/providers/Microsoft.Web/sites/urbanthreads-webapp",
            "identity": [],
            "key_vault_reference_identity_id": "SystemAssigned",
            "kind": "app",
            "location": "eastus",
            "logs": [],
            "name": "urbanthreads-webapp",
            "outbound_ip_address_list": [
              "20.88.177.135",
              "20.88.178.45",
              "20.88.178.104",
              "20.88.178.172",
              "20.88.178.194",
              "20.88.178.207",
              "20.49.104.60"
            ],
            "outbound_ip_addresses": "20.88.177.135,20.88.178.45,20.88.178.104,20.88.178.172,20.88.178.194,20.88.178.207,20.49.104.60",
            "possible_outbound_ip_address_list": [
              "20.88.177.135",
              "20.88.178.45",
              "20.88.178.104",
              "20.88.178.172",
              "20.88.178.194",
              "20.88.178.207",
              "48.217.217.147",
              "20.88.178.231",
              "20.88.179.52",
              "20.88.179.87",
              "20.88.179.98",
              "20.88.179.103",
              "20.88.179.104",
              "20.88.179.112",
              "20.88.179.149",
              "20.88.179.157",
              "20.88.179.170",
              "20.88.179.173",
              "20.88.179.183",
              "20.88.179.185",
              "20.88.180.50",
              "20.88.180.64",
              "20.88.180.70",
              "20.88.181.37",
              "20.88.181.72",
              "20.88.181.114",
              "20.88.181.119",
              "20.81.9.0",
              "20.88.181.134",
              "20.88.178.93",
              "20.88.180.104",
              "20.49.104.60"
            ],
            "possible_outbound_ip_addresses": "20.88.177.135,20.88.178.45,20.88.178.104,20.88.178.172,20.88.178.194,20.88.178.207,48.217.217.147,20.88.178.231,20.88.179.52,20.88.179.87,20.88.179.98,20.88.179.103,20.88.179.104,20.88.179.112,20.88.179.149,20.88.179.157,20.88.179.170,20.88.179.173,20.88.179.183,20.88.179.185,20.88.180.50,20.88.180.64,20.88.180.70,20.88.181.37,20.88.181.72,20.88.181.114,20.88.181.119,20.81.9.0,20.88.181.134,20.88.178.93,20.88.180.104,20.49.104.60",
            "public_network_access_enabled": true,
            "resource_group_name": "urbanthreads-rg",
            "service_plan_id": "/subscriptions/2dcb0020-9c9c-46c2-a1b1-dad4f7723644/resourceGroups/urbanthreads-rg/providers/Microsoft.Web/serverFarms/urbanthreads-plan",
            "site_config": [
              {
                "always_on": true,
                "api_definition_url": "",
                "api_management_api_id": "",
                "app_command_line": "",
                "application_stack": [
                  {
                    "current_stack": "",
                    "docker_container_name": "",
                    "docker_container_registry": "",
                    "docker_container_tag": "",
                    "docker_image_name": "",
                    "docker_registry_password": "",
                    "docker_registry_url": "",
                    "docker_registry_username": "",
                    "dotnet_core_version": "",
                    "dotnet_version": "v4.0",
                    "java_container": "",
                    "java_container_version": "",
                    "java_embedded_server_enabled": false,
                    "java_version": "",
                    "node_version": "",
                    "php_version": "5.6",
                    "python": false,
                    "python_version": "",
                    "tomcat_version": ""
                  }
                ],
                "auto_heal_enabled": false,
                "auto_heal_setting": [],
                "container_registry_managed_identity_client_id": "",
                "container_registry_use_managed_identity": false,
                "cors": [],
                "default_documents": [
                  "Default.htm",
                  "Default.html",
                  "Default.asp",
                  "index.htm",
                  "index.html",
                  "iisstart.htm",
                  "default.aspx",
                  "index.php",
                  "hostingstart.html"
                ],
                "detailed_error_logging_enabled": false,
                "ftps_state": "Disabled",
                "handler_mapping": [],
                "health_check_eviction_time_in_min": 0,
                "health_check_path": "",
                "http2_enabled": false,
                "ip_restriction": [],
                "ip_restriction_default_action": "Allow",
                "linux_fx_version": "",
                "load_balancing_mode": "LeastRequests",
                "local_mysql_enabled": false,
                "managed_pipeline_mode": "Integrated",
                "minimum_tls_version": "1.2",
                "remote_debugging_enabled": false,
                "remote_debugging_version": "VS2022",
                "scm_ip_restriction": [],
                "scm_ip_restriction_default_action": "Allow",
                "scm_minimum_tls_version": "1.2",
                "scm_type": "None",
                "scm_use_main_ip_restriction": false,
                "use_32_bit_worker": true,
                "virtual_application": [],
                "vnet_route_all_enabled": false,
                "websockets_enabled": false,
                "windows_fx_version": "",
                "worker_count": 1
              }
            ],
            "site_credential": [
              {
                "name": "$urbanthreads-webapp",
                "password": "Atoxxzp70CvR26821KThY5CAsZcp4eGhBwnXrG6rErpbeStnGpBEJ0aMJtCk"
              }
            ],
            "sticky_settings": [],
            "storage_account": [],
            "tags": null,
            "timeouts": null,
            "virtual_network_subnet_id": "",
            "webdeploy_publish_basic_authentication_enabled": true,
            "zip_deploy_file": "./../Risklytics.zip"
          },
          "sensitive_attributes": [
            [
              {
                "type": "get_attr",
                "value": "custom_domain_verification_id"
              }
            ],
            [
              {
                "type": "get_attr",
                "value": "site_config"
              },
              {
                "type": "index",
                "value": {
                  "value": 0,
                  "type": "number"
                }
              },
              {
                "type": "get_attr",
                "value": "application_stack"
              },
              {
                "type": "index",
                "value": {
                  "value": 0,
                  "type": "number"
                }
              },
              {
                "type": "get_attr",
                "value": "docker_registry_password"
              }
            ],
            [
              {
                "type": "get_attr",
                "value": "site_credential"
              }
            ]
          ],
          "identity_schema_version": 0,
          "private": "eyJlMmJmYjczMC1lY2FhLTExZTYtOGY4OC0zNDM2M2JjN2M0YzAiOnsiY3JlYXRlIjoxODAwMDAwMDAwMDAwLCJkZWxldGUiOjE4MDAwMDAwMDAwMDAsInJlYWQiOjMwMDAwMDAwMDAwMCwidXBkYXRlIjoxODAwMDAwMDAwMDAwfSwic2NoZW1hX3ZlcnNpb24iOiIxIn0=",
          "dependencies": [
            "azurerm_resource_group.rg",
            "azurerm_service_plan.app_plan"
          ]
        }
      ]
    }
  ],
  "check_results": null
}
